
Microsoft Visual Studio Solution File, Format Version 12.00
# Visual Studio 15
VisualStudioVersion = 15.0.27428.2037
MinimumVisualStudioVersion = 10.0.40219.1
Project("{FAE04EC0-301F-11D3-BF4B-00C04F79EFBC}") = "RestaurantReviewBuisnessLayer", "RestaurantReviewBuisnessLayer\RestaurantReviewBuisnessLayer.csproj", "{9C306E35-535C-41EA-916A-61E012B1D523}"
EndProject
Project("{FAE04EC0-301F-11D3-BF4B-00C04F79EFBC}") = "RestaurantReviewDataLayer", "RestaurantReviewDataLayer\RestaurantReviewDataLayer.csproj", "{4AF3BFBD-F83A-4304-8D02-4FBF2A674495}"
EndProject
Project("{FAE04EC0-301F-11D3-BF4B-00C04F79EFBC}") = "RestaurantReviewPresentationLayer", "RestaurantReviewPresentationLayer\RestaurantReviewPresentationLayer.csproj", "{BB8E6001-555F-4239-8AAA-5715D7BA8E9A}"
EndProject
Project("{FAE04EC0-301F-11D3-BF4B-00C04F79EFBC}") = "RestaurantReviewWeb", "RestaurantReviewWeb\RestaurantReviewWeb.csproj", "{A1012522-AB01-4989-9E45-AF6E3D58331D}"
EndProject
Project("{FAE04EC0-301F-11D3-BF4B-00C04F79EFBC}") = "TestRestaurantReview", "TestRestaurantReview\TestRestaurantReview.csproj", "{14B52DB5-64BC-4965-AA60-11CD6C6249E8}"
EndProject
Global
	GlobalSection(SolutionConfigurationPlatforms) = preSolution
		Debug|Any CPU = Debug|Any CPU
		Release|Any CPU = Release|Any CPU
	EndGlobalSection
	GlobalSection(ProjectConfigurationPlatforms) = postSolution
		{9C306E35-535C-41EA-916A-61E012B1D523}.Debug|Any CPU.ActiveCfg = Debug|Any CPU
		{9C306E35-535C-41EA-916A-61E012B1D523}.Debug|Any CPU.Build.0 = Debug|Any CPU
		{9C306E35-535C-41EA-916A-61E012B1D523}.Release|Any CPU.ActiveCfg = Release|Any CPU
		{9C306E35-535C-41EA-916A-61E012B1D523}.Release|Any CPU.Build.0 = Release|Any CPU
		{4AF3BFBD-F83A-4304-8D02-4FBF2A674495}.Debug|Any CPU.ActiveCfg = Debug|Any CPU
		{4AF3BFBD-F83A-4304-8D02-4FBF2A674495}.Debug|Any CPU.Build.0 = Debug|Any CPU
		{4AF3BFBD-F83A-4304-8D02-4FBF2A674495}.Release|Any CPU.ActiveCfg = Release|Any CPU
		{4AF3BFBD-F83A-4304-8D02-4FBF2A674495}.Release|Any CPU.Build.0 = Release|Any CPU
		{BB8E6001-555F-4239-8AAA-5715D7BA8E9A}.Debug|Any CPU.ActiveCfg = Debug|Any CPU
		{BB8E6001-555F-4239-8AAA-5715D7BA8E9A}.Debug|Any CPU.Build.0 = Debug|Any CPU
		{BB8E6001-555F-4239-8AAA-5715D7BA8E9A}.Release|Any CPU.ActiveCfg = Release|Any CPU
		{BB8E6001-555F-4239-8AAA-5715D7BA8E9A}.Release|Any CPU.Build.0 = Release|Any CPU
		{A1012522-AB01-4989-9E45-AF6E3D58331D}.Debug|Any CPU.ActiveCfg = Debug|Any CPU
		{A1012522-AB01-4989-9E45-AF6E3D58331D}.Debug|Any CPU.Build.0 = Debug|Any CPU
		{A1012522-AB01-4989-9E45-AF6E3D58331D}.Release|Any CPU.ActiveCfg = Release|Any CPU
		{A1012522-AB01-4989-9E45-AF6E3D58331D}.Release|Any CPU.Build.0 = Release|Any CPU
		{14B52DB5-64BC-4965-AA60-11CD6C6249E8}.Debug|Any CPU.ActiveCfg = Debug|Any CPU
		{14B52DB5-64BC-4965-AA60-11CD6C6249E8}.Debug|Any CPU.Build.0 = Debug|Any CPU
		{14B52DB5-64BC-4965-AA60-11CD6C6249E8}.Release|Any CPU.ActiveCfg = Release|Any CPU
		{14B52DB5-64BC-4965-AA60-11CD6C6249E8}.Release|Any CPU.Build.0 = Release|Any CPU
	EndGlobalSection
	GlobalSection(SolutionProperties) = preSolution
		HideSolutionNode = FALSE
	EndGlobalSection
	GlobalSection(ExtensibilityGlobals) = postSolution
		SolutionGuid = {D717D1DD-6B88-41B4-ACDA-60CEA6F9441F}
	EndGlobalSection
EndGlobal
